
Microsoft Visual Studio Solution File, Format Version 12.00
# Visual Studio Version 17
VisualStudioVersion = 17.0.31903.59
MinimumVisualStudioVersion = 10.0.40219.1
Project("{FAE04EC0-301F-11D3-BF4B-00C04F79EFBC}") = "OPC_UA_PLC", "OPC_UA_PLC\OPC_UA_PLC.csproj", "{5737DFCD-EDB0-433E-BF17-8DBD5ABD74AF}"
EndProject
Project("{FAE04EC0-301F-11D3-BF4B-00C04F79EFBC}") = "OPC_UA_Search", "..\OPC_UA_Search\OPC_UA_Search\OPC_UA_Search.csproj", "{5562898B-0C42-4813-AC08-3B9DA7052FD0}"
EndProject
Project("{FAE04EC0-301F-11D3-BF4B-00C04F79EFBC}") = "OPC_UA_SearchFirstLevel", "..\OPC_UA_SearchFirstLevel\OPC_UA_SearchFirstLevel\OPC_UA_SearchFirstLevel.csproj", "{5FBE8DE3-4D6C-4694-AC8F-E98833792674}"
EndProject
Project("{FAE04EC0-301F-11D3-BF4B-00C04F79EFBC}") = "OPC_UA_PLC_CSV", "..\OPC_UA_PLC_CSV\OPC_UA_PLC_CSV\OPC_UA_PLC_CSV.csproj", "{A9F22335-90C5-4515-9FEC-0784B3AE8CF0}"
EndProject
Project("{FAE04EC0-301F-11D3-BF4B-00C04F79EFBC}") = "Test", "..\Test\Test\Test.csproj", "{7836CA0F-3DD0-40AD-8B80-DD2AB92D3A40}"
EndProject
Project("{FAE04EC0-301F-11D3-BF4B-00C04F79EFBC}") = "opcUaPlc", "..\..\opcUaPlc\opcUaPlc.csproj", "{44D727E4-2596-4BC8-A377-E64C3FC64CFA}"
EndProject
Global
	GlobalSection(SolutionConfigurationPlatforms) = preSolution
		Debug|Any CPU = Debug|Any CPU
		Debug|x64 = Debug|x64
		Debug|x86 = Debug|x86
		Release|Any CPU = Release|Any CPU
		Release|x64 = Release|x64
		Release|x86 = Release|x86
	EndGlobalSection
	GlobalSection(ProjectConfigurationPlatforms) = postSolution
		{5737DFCD-EDB0-433E-BF17-8DBD5ABD74AF}.Debug|Any CPU.ActiveCfg = Debug|Any CPU
		{5737DFCD-EDB0-433E-BF17-8DBD5ABD74AF}.Debug|Any CPU.Build.0 = Debug|Any CPU
		{5737DFCD-EDB0-433E-BF17-8DBD5ABD74AF}.Debug|x64.ActiveCfg = Debug|Any CPU
		{5737DFCD-EDB0-433E-BF17-8DBD5ABD74AF}.Debug|x64.Build.0 = Debug|Any CPU
		{5737DFCD-EDB0-433E-BF17-8DBD5ABD74AF}.Debug|x86.ActiveCfg = Debug|Any CPU
		{5737DFCD-EDB0-433E-BF17-8DBD5ABD74AF}.Debug|x86.Build.0 = Debug|Any CPU
		{5737DFCD-EDB0-433E-BF17-8DBD5ABD74AF}.Release|Any CPU.ActiveCfg = Release|Any CPU
		{5737DFCD-EDB0-433E-BF17-8DBD5ABD74AF}.Release|Any CPU.Build.0 = Release|Any CPU
		{5737DFCD-EDB0-433E-BF17-8DBD5ABD74AF}.Release|x64.ActiveCfg = Release|Any CPU
		{5737DFCD-EDB0-433E-BF17-8DBD5ABD74AF}.Release|x64.Build.0 = Release|Any CPU
		{5737DFCD-EDB0-433E-BF17-8DBD5ABD74AF}.Release|x86.ActiveCfg = Release|Any CPU
		{5737DFCD-EDB0-433E-BF17-8DBD5ABD74AF}.Release|x86.Build.0 = Release|Any CPU
		{5562898B-0C42-4813-AC08-3B9DA7052FD0}.Debug|Any CPU.ActiveCfg = Debug|Any CPU
		{5562898B-0C42-4813-AC08-3B9DA7052FD0}.Debug|Any CPU.Build.0 = Debug|Any CPU
		{5562898B-0C42-4813-AC08-3B9DA7052FD0}.Debug|x64.ActiveCfg = Debug|Any CPU
		{5562898B-0C42-4813-AC08-3B9DA7052FD0}.Debug|x64.Build.0 = Debug|Any CPU
		{5562898B-0C42-4813-AC08-3B9DA7052FD0}.Debug|x86.ActiveCfg = Debug|Any CPU
		{5562898B-0C42-4813-AC08-3B9DA7052FD0}.Debug|x86.Build.0 = Debug|Any CPU
		{5562898B-0C42-4813-AC08-3B9DA7052FD0}.Release|Any CPU.ActiveCfg = Release|Any CPU
		{5562898B-0C42-4813-AC08-3B9DA7052FD0}.Release|Any CPU.Build.0 = Release|Any CPU
		{5562898B-0C42-4813-AC08-3B9DA7052FD0}.Release|x64.ActiveCfg = Release|Any CPU
		{5562898B-0C42-4813-AC08-3B9DA7052FD0}.Release|x64.Build.0 = Release|Any CPU
		{5562898B-0C42-4813-AC08-3B9DA7052FD0}.Release|x86.ActiveCfg = Release|Any CPU
		{5562898B-0C42-4813-AC08-3B9DA7052FD0}.Release|x86.Build.0 = Release|Any CPU
		{5FBE8DE3-4D6C-4694-AC8F-E98833792674}.Debug|Any CPU.ActiveCfg = Debug|Any CPU
		{5FBE8DE3-4D6C-4694-AC8F-E98833792674}.Debug|Any CPU.Build.0 = Debug|Any CPU
		{5FBE8DE3-4D6C-4694-AC8F-E98833792674}.Debug|x64.ActiveCfg = Debug|Any CPU
		{5FBE8DE3-4D6C-4694-AC8F-E98833792674}.Debug|x64.Build.0 = Debug|Any CPU
		{5FBE8DE3-4D6C-4694-AC8F-E98833792674}.Debug|x86.ActiveCfg = Debug|Any CPU
		{5FBE8DE3-4D6C-4694-AC8F-E98833792674}.Debug|x86.Build.0 = Debug|Any CPU
		{5FBE8DE3-4D6C-4694-AC8F-E98833792674}.Release|Any CPU.ActiveCfg = Release|Any CPU
		{5FBE8DE3-4D6C-4694-AC8F-E98833792674}.Release|Any CPU.Build.0 = Release|Any CPU
		{5FBE8DE3-4D6C-4694-AC8F-E98833792674}.Release|x64.ActiveCfg = Release|Any CPU
		{5FBE8DE3-4D6C-4694-AC8F-E98833792674}.Release|x64.Build.0 = Release|Any CPU
		{5FBE8DE3-4D6C-4694-AC8F-E98833792674}.Release|x86.ActiveCfg = Release|Any CPU
		{5FBE8DE3-4D6C-4694-AC8F-E98833792674}.Release|x86.Build.0 = Release|Any CPU
		{A9F22335-90C5-4515-9FEC-0784B3AE8CF0}.Debug|Any CPU.ActiveCfg = Debug|Any CPU
		{A9F22335-90C5-4515-9FEC-0784B3AE8CF0}.Debug|Any CPU.Build.0 = Debug|Any CPU
		{A9F22335-90C5-4515-9FEC-0784B3AE8CF0}.Debug|x64.ActiveCfg = Debug|Any CPU
		{A9F22335-90C5-4515-9FEC-0784B3AE8CF0}.Debug|x64.Build.0 = Debug|Any CPU
		{A9F22335-90C5-4515-9FEC-0784B3AE8CF0}.Debug|x86.ActiveCfg = Debug|Any CPU
		{A9F22335-90C5-4515-9FEC-0784B3AE8CF0}.Debug|x86.Build.0 = Debug|Any CPU
		{A9F22335-90C5-4515-9FEC-0784B3AE8CF0}.Release|Any CPU.ActiveCfg = Release|Any CPU
		{A9F22335-90C5-4515-9FEC-0784B3AE8CF0}.Release|Any CPU.Build.0 = Release|Any CPU
		{A9F22335-90C5-4515-9FEC-0784B3AE8CF0}.Release|x64.ActiveCfg = Release|Any CPU
		{A9F22335-90C5-4515-9FEC-0784B3AE8CF0}.Release|x64.Build.0 = Release|Any CPU
		{A9F22335-90C5-4515-9FEC-0784B3AE8CF0}.Release|x86.ActiveCfg = Release|Any CPU
		{A9F22335-90C5-4515-9FEC-0784B3AE8CF0}.Release|x86.Build.0 = Release|Any CPU
		{7836CA0F-3DD0-40AD-8B80-DD2AB92D3A40}.Debug|Any CPU.ActiveCfg = Debug|Any CPU
		{7836CA0F-3DD0-40AD-8B80-DD2AB92D3A40}.Debug|Any CPU.Build.0 = Debug|Any CPU
		{7836CA0F-3DD0-40AD-8B80-DD2AB92D3A40}.Debug|x64.ActiveCfg = Debug|Any CPU
		{7836CA0F-3DD0-40AD-8B80-DD2AB92D3A40}.Debug|x64.Build.0 = Debug|Any CPU
		{7836CA0F-3DD0-40AD-8B80-DD2AB92D3A40}.Debug|x86.ActiveCfg = Debug|Any CPU
		{7836CA0F-3DD0-40AD-8B80-DD2AB92D3A40}.Debug|x86.Build.0 = Debug|Any CPU
		{7836CA0F-3DD0-40AD-8B80-DD2AB92D3A40}.Release|Any CPU.ActiveCfg = Release|Any CPU
		{7836CA0F-3DD0-40AD-8B80-DD2AB92D3A40}.Release|Any CPU.Build.0 = Release|Any CPU
		{7836CA0F-3DD0-40AD-8B80-DD2AB92D3A40}.Release|x64.ActiveCfg = Release|Any CPU
		{7836CA0F-3DD0-40AD-8B80-DD2AB92D3A40}.Release|x64.Build.0 = Release|Any CPU
		{7836CA0F-3DD0-40AD-8B80-DD2AB92D3A40}.Release|x86.ActiveCfg = Release|Any CPU
		{7836CA0F-3DD0-40AD-8B80-DD2AB92D3A40}.Release|x86.Build.0 = Release|Any CPU
		{44D727E4-2596-4BC8-A377-E64C3FC64CFA}.Debug|Any CPU.ActiveCfg = Debug|Any CPU
		{44D727E4-2596-4BC8-A377-E64C3FC64CFA}.Debug|Any CPU.Build.0 = Debug|Any CPU
		{44D727E4-2596-4BC8-A377-E64C3FC64CFA}.Debug|x64.ActiveCfg = Debug|Any CPU
		{44D727E4-2596-4BC8-A377-E64C3FC64CFA}.Debug|x64.Build.0 = Debug|Any CPU
		{44D727E4-2596-4BC8-A377-E64C3FC64CFA}.Debug|x86.ActiveCfg = Debug|Any CPU
		{44D727E4-2596-4BC8-A377-E64C3FC64CFA}.Debug|x86.Build.0 = Debug|Any CPU
		{44D727E4-2596-4BC8-A377-E64C3FC64CFA}.Release|Any CPU.ActiveCfg = Release|Any CPU
		{44D727E4-2596-4BC8-A377-E64C3FC64CFA}.Release|Any CPU.Build.0 = Release|Any CPU
		{44D727E4-2596-4BC8-A377-E64C3FC64CFA}.Release|x64.ActiveCfg = Release|Any CPU
		{44D727E4-2596-4BC8-A377-E64C3FC64CFA}.Release|x64.Build.0 = Release|Any CPU
		{44D727E4-2596-4BC8-A377-E64C3FC64CFA}.Release|x86.ActiveCfg = Release|Any CPU
		{44D727E4-2596-4BC8-A377-E64C3FC64CFA}.Release|x86.Build.0 = Release|Any CPU
	EndGlobalSection
	GlobalSection(SolutionProperties) = preSolution
		HideSolutionNode = FALSE
	EndGlobalSection
EndGlobal
